
Microsoft Visual Studio Solution File, Format Version 12.00
# Visual Studio 14
VisualStudioVersion = 14.0.25420.1
MinimumVisualStudioVersion = 10.0.40219.1
Project("{FAE04EC0-301F-11D3-BF4B-00C04F79EFBC}") = "SIS", "SIS\SIS.csproj", "{BBF3590B-9687-423C-9EDB-865701C09968}"
EndProject
Global
	GlobalSection(SolutionConfigurationPlatforms) = preSolution
		Debug|Any CPU = Debug|Any CPU
		Release|Any CPU = Release|Any CPU
	EndGlobalSection
	GlobalSection(ProjectConfigurationPlatforms) = postSolution
		{BBF3590B-9687-423C-9EDB-865701C09968}.Debug|Any CPU.ActiveCfg = Debug|Any CPU
		{BBF3590B-9687-423C-9EDB-865701C09968}.Debug|Any CPU.Build.0 = Debug|Any CPU
		{BBF3590B-9687-423C-9EDB-865701C09968}.Release|Any CPU.ActiveCfg = Release|Any CPU
		{BBF3590B-9687-423C-9EDB-865701C09968}.Release|Any CPU.Build.0 = Release|Any CPU
	EndGlobalSection
	GlobalSection(SolutionProperties) = preSolution
		HideSolutionNode = FALSE
	EndGlobalSection
EndGlobal
